<?xml version="1.0" encoding="utf-8"?>
<Project ToolsVersion="4.0" xmlns="http://schemas.microsoft.com/developer/msbuild/2003">
  <ItemGroup>
    <Filter Include="Source Files">
      <UniqueIdentifier>{cca37933-6b9d-481f-b064-e7ee37100774}</UniqueIdentifier>
      <Extensions>cpp;c;cxx;rc;def;r;odl;idl;hpj;bat;cc</Extensions>
    </Filter>
    <Filter Include="Header Files">
      <UniqueIdentifier>{e05926c1-1781-48c2-adb3-4a00940c355c}</UniqueIdentifier>
      <Extensions>h;hpp;hxx;hm;inl</Extensions>
    </Filter>
    <Filter Include="Resource Files">
      <UniqueIdentifier>{122c7ccc-8179-46e6-b459-fca0064ed8cc}</UniqueIdentifier>
      <Extensions>ico;cur;bmp;dlg;rc2;rct;bin;rgs;gif;jpg;jpeg;jpe</Extensions>
    </Filter>
  </ItemGroup>
  <ItemGroup>
    <ClCompile Include="..\tools\langc\Getopt.cc">
      <Filter>Source Files</Filter>
    </ClCompile>
    <ClCompile Include="..\tools\langc\langc.cc">
      <Filter>Source Files</Filter>
    </ClCompile>
    <ClCompile Include="..\tools\langc\langcomp.cc">
      <Filter>Source Files</Filter>
    </ClCompile>
  </ItemGroup>
  <ItemGroup>
    <ClInclude Include="..\tools\langc\Getopt.h">
      <Filter>Header Files</Filter>
    </ClInclude>
    <ClInclude Include="..\tools\langc\langc.h">
      <Filter>Header Files</Filter>
    </ClInclude>
    <ClInclude Include="..\tools\langc\langcomp.h">
      <Filter>Header Files</Filter>
    </ClInclude>
    <ClInclude Include="..\tools\langc\tSimpleHash.h">
      <Filter>Header Files</Filter>
    </ClInclude>
  </ItemGroup>
</Project>