<?xml version="1.0" encoding="utf-8"?>
<Project ToolsVersion="4.0" xmlns="http://schemas.microsoft.com/developer/msbuild/2003">
  <ItemGroup>
    <Filter Include="Source Files">
      <UniqueIdentifier>{a493272a-713a-4068-8dfb-467c46a898b6}</UniqueIdentifier>
      <Extensions>cpp;c;cxx;rc;def;r;odl;idl;hpj;bat;cc</Extensions>
    </Filter>
    <Filter Include="Header Files">
      <UniqueIdentifier>{0a7005c0-d6a5-4827-b743-9f9c76ec224a}</UniqueIdentifier>
      <Extensions>h;hpp;hxx;hm;inl</Extensions>
    </Filter>
    <Filter Include="Resource Files">
      <UniqueIdentifier>{72a2ec91-7f87-4d68-9288-b6e89b19f8d3}</UniqueIdentifier>
      <Extensions>ico;cur;bmp;dlg;rc2;rct;bin;rgs;gif;jpg;jpeg;jpe</Extensions>
    </Filter>
  </ItemGroup>
  <ItemGroup>
    <ClCompile Include="..\tools\map2difPlus\bspNode.cc">
      <Filter>Source Files</Filter>
    </ClCompile>
    <ClCompile Include="..\tools\map2difPlus\convert.cc">
      <Filter>Source Files</Filter>
    </ClCompile>
    <ClCompile Include="..\tools\map2difPlus\createLightmaps.cc">
      <Filter>Source Files</Filter>
    </ClCompile>
    <ClCompile Include="..\tools\map2difPlus\csgBrush.cc">
      <Filter>Source Files</Filter>
    </ClCompile>
    <ClCompile Include="..\tools\map2difPlus\editFloorPlanRes.cc">
      <Filter>Source Files</Filter>
    </ClCompile>
    <ClCompile Include="..\tools\map2difPlus\editGeometry.cc">
      <Filter>Source Files</Filter>
    </ClCompile>
    <ClCompile Include="..\tools\map2difPlus\editInteriorRes.cc">
      <Filter>Source Files</Filter>
    </ClCompile>
    <ClCompile Include="..\tools\map2difPlus\entityTypes.cc">
      <Filter>Source Files</Filter>
    </ClCompile>
    <ClCompile Include="..\tools\map2difPlus\exportGeometry.cc">
      <Filter>Source Files</Filter>
    </ClCompile>
    <ClCompile Include="..\tools\map2difPlus\lmapPacker.cc">
      <Filter>Source Files</Filter>
    </ClCompile>
    <ClCompile Include="..\tools\map2difPlus\main.cc">
      <Filter>Source Files</Filter>
    </ClCompile>
    <ClCompile Include="..\tools\map2difPlus\morianUtil.cc">
      <Filter>Source Files</Filter>
    </ClCompile>
    <ClCompile Include="..\tools\map2difPlus\navGraph.cc">
      <Filter>Source Files</Filter>
    </ClCompile>
  </ItemGroup>
  <ItemGroup>
    <ClInclude Include="..\tools\map2difPlus\bspNode.h">
      <Filter>Header Files</Filter>
    </ClInclude>
    <ClInclude Include="..\tools\map2difPlus\convert.h">
      <Filter>Header Files</Filter>
    </ClInclude>
    <ClInclude Include="..\tools\map2difPlus\createLightmaps.h">
      <Filter>Header Files</Filter>
    </ClInclude>
    <ClInclude Include="..\tools\map2difPlus\csgBrush.h">
      <Filter>Header Files</Filter>
    </ClInclude>
    <ClInclude Include="..\tools\map2difPlus\editFloorPlanRes.h">
      <Filter>Header Files</Filter>
    </ClInclude>
    <ClInclude Include="..\tools\map2difPlus\editGeometry.h">
      <Filter>Header Files</Filter>
    </ClInclude>
    <ClInclude Include="..\tools\map2difPlus\editInteriorRes.h">
      <Filter>Header Files</Filter>
    </ClInclude>
    <ClInclude Include="..\tools\map2difPlus\entityTypes.h">
      <Filter>Header Files</Filter>
    </ClInclude>
    <ClInclude Include="..\tools\map2difPlus\lmapPacker.h">
      <Filter>Header Files</Filter>
    </ClInclude>
    <ClInclude Include="..\tools\map2difPlus\morianBasics.h">
      <Filter>Header Files</Filter>
    </ClInclude>
    <ClInclude Include="..\tools\map2difPlus\morianGame.h">
      <Filter>Header Files</Filter>
    </ClInclude>
    <ClInclude Include="..\tools\map2difPlus\morianUtil.h">
      <Filter>Header Files</Filter>
    </ClInclude>
  </ItemGroup>
</Project>