<?xml version="1.0" encoding="utf-8"?>
<Project ToolsVersion="4.0" xmlns="http://schemas.microsoft.com/developer/msbuild/2003">
  <ItemGroup>
    <Filter Include="Source Files">
      <UniqueIdentifier>{33091c7f-6b43-46e4-a2ad-900f9b833864}</UniqueIdentifier>
      <Extensions>cpp;c;cxx;rc;def;r;odl;idl;hpj;bat</Extensions>
    </Filter>
    <Filter Include="Header Files">
      <UniqueIdentifier>{2e27aa51-ed7c-4538-b261-b8dc8bf3b294}</UniqueIdentifier>
      <Extensions>h;hpp;hxx;hm;inl</Extensions>
    </Filter>
    <Filter Include="Resource Files">
      <UniqueIdentifier>{2fe2b329-c3c4-474c-b38a-cc220415374d}</UniqueIdentifier>
      <Extensions>ico;cur;bmp;dlg;rc2;rct;bin;rgs;gif;jpg;jpeg;jpe</Extensions>
    </Filter>
  </ItemGroup>
  <ItemGroup>
    <ClCompile Include="..\tools\max2dtsExporterPro\DllEntry.cpp">
      <Filter>Source Files</Filter>
    </ClCompile>
    <ClCompile Include="..\tools\max2dtsExporterPro\max2dtsExporterPro.cpp">
      <Filter>Source Files</Filter>
    </ClCompile>
    <ClCompile Include="..\tools\max2dtsExporterPro\maxAppMesh.cpp">
      <Filter>Source Files</Filter>
    </ClCompile>
    <ClCompile Include="..\tools\max2dtsExporterPro\maxAppNode.cpp">
      <Filter>Source Files</Filter>
    </ClCompile>
    <ClCompile Include="..\tools\max2dtsExporterPro\maxSceneEnum.cpp">
      <Filter>Source Files</Filter>
    </ClCompile>
    <ClCompile Include="..\tools\max2dtsExporterPro\skinHelper.cpp">
      <Filter>Source Files</Filter>
    </ClCompile>
  </ItemGroup>
  <ItemGroup>
    <ClInclude Include="..\tools\max2dtsExporterPro\max2dtsExporterPro.h">
      <Filter>Header Files</Filter>
    </ClInclude>
    <ClInclude Include="..\tools\max2dtsExporterPro\maxAppMesh.h">
      <Filter>Header Files</Filter>
    </ClInclude>
    <ClInclude Include="..\tools\max2dtsExporterPro\maxAppNode.h">
      <Filter>Header Files</Filter>
    </ClInclude>
    <ClInclude Include="..\tools\max2dtsExporterPro\maxSceneEnum.h">
      <Filter>Header Files</Filter>
    </ClInclude>
    <ClInclude Include="..\tools\max2dtsExporterPro\resource.h">
      <Filter>Header Files</Filter>
    </ClInclude>
    <ClInclude Include="..\tools\max2dtsExporterPro\skinHelper.h">
      <Filter>Header Files</Filter>
    </ClInclude>
  </ItemGroup>
  <ItemGroup>
    <None Include="..\tools\max2dtsExporterPro\max2dtsExporterPro.def">
      <Filter>Resource Files</Filter>
    </None>
  </ItemGroup>
  <ItemGroup>
    <ResourceCompile Include="..\tools\max2dtsExporterPro\max2dtsExporterPro.rc">
      <Filter>Resource Files</Filter>
    </ResourceCompile>
  </ItemGroup>
</Project>