<?xml version="1.0" encoding="utf-8"?>
<Project ToolsVersion="4.0" xmlns="http://schemas.microsoft.com/developer/msbuild/2003">
  <ItemGroup>
    <Filter Include="Source Files">
      <UniqueIdentifier>{6c071fe6-0cb7-4a27-8720-85570c21555f}</UniqueIdentifier>
      <Extensions>cpp;c;cxx;rc;def;r;odl;idl;hpj;bat</Extensions>
    </Filter>
    <Filter Include="Header Files">
      <UniqueIdentifier>{0a0073a0-0eff-4bc9-9613-99a7575c44f8}</UniqueIdentifier>
      <Extensions>h;hpp;hxx;hm;inl</Extensions>
    </Filter>
    <Filter Include="Resource Files">
      <UniqueIdentifier>{811947a6-b200-4e01-a65b-068b42d6b59d}</UniqueIdentifier>
      <Extensions>ico;cur;bmp;dlg;rc2;rct;bin;rgs;gif;jpg;jpeg;jpe</Extensions>
    </Filter>
  </ItemGroup>
  <ItemGroup>
    <ClCompile Include="..\tools\max2dtsExporterPlus\DllEntry.cpp">
      <Filter>Source Files</Filter>
    </ClCompile>
    <ClCompile Include="..\tools\max2dtsExporterPlus\max2dtsExporterPlus.cpp">
      <Filter>Source Files</Filter>
    </ClCompile>
    <ClCompile Include="..\tools\max2dtsExporterPlus\maxAppMesh.cpp">
      <Filter>Source Files</Filter>
    </ClCompile>
    <ClCompile Include="..\tools\max2dtsExporterPlus\maxAppNode.cpp">
      <Filter>Source Files</Filter>
    </ClCompile>
    <ClCompile Include="..\tools\max2dtsExporterPlus\maxSceneEnum.cpp">
      <Filter>Source Files</Filter>
    </ClCompile>
    <ClCompile Include="..\tools\max2dtsExporterPlus\skinHelper.cpp">
      <Filter>Source Files</Filter>
    </ClCompile>
  </ItemGroup>
  <ItemGroup>
    <ClInclude Include="..\tools\max2dtsExporterPlus\max2dtsExporterPlus.h">
      <Filter>Header Files</Filter>
    </ClInclude>
    <ClInclude Include="..\tools\max2dtsExporterPlus\maxAppMesh.h">
      <Filter>Header Files</Filter>
    </ClInclude>
    <ClInclude Include="..\tools\max2dtsExporterPlus\maxAppNode.h">
      <Filter>Header Files</Filter>
    </ClInclude>
    <ClInclude Include="..\tools\max2dtsExporterPlus\maxSceneEnum.h">
      <Filter>Header Files</Filter>
    </ClInclude>
    <ClInclude Include="..\tools\max2dtsExporterPlus\resource.h">
      <Filter>Header Files</Filter>
    </ClInclude>
    <ClInclude Include="..\tools\max2dtsExporterPlus\skinHelper.h">
      <Filter>Header Files</Filter>
    </ClInclude>
  </ItemGroup>
  <ItemGroup>
    <ResourceCompile Include="..\tools\max2dtsExporterPlus\max2dtsExporterPlus.rc">
      <Filter>Resource Files</Filter>
    </ResourceCompile>
  </ItemGroup>
</Project>