<?xml version="1.0" encoding="utf-8"?>
<Project ToolsVersion="4.0" xmlns="http://schemas.microsoft.com/developer/msbuild/2003">
  <ItemGroup>
    <Filter Include="Source Files">
      <UniqueIdentifier>{6a9772d1-093b-4671-bc65-6b56e7c0d658}</UniqueIdentifier>
      <Extensions>cpp;c;cxx;rc;def;r;odl;idl;hpj;bat</Extensions>
    </Filter>
    <Filter Include="Source Files\msLib">
      <UniqueIdentifier>{83d97b80-a586-4159-a498-ca3392346b6d}</UniqueIdentifier>
    </Filter>
    <Filter Include="Resource Files">
      <UniqueIdentifier>{4d89b87e-0452-4ae0-83ca-5888af014a62}</UniqueIdentifier>
      <Extensions>ico;cur;bmp;dlg;rc2;rct;bin;rgs;gif;jpg;jpeg;jpe</Extensions>
    </Filter>
  </ItemGroup>
  <ItemGroup>
    <ClCompile Include="..\tools\ms2dtsExporter\DTSMilkshapeMesh.cpp">
      <Filter>Source Files</Filter>
    </ClCompile>
    <ClCompile Include="..\tools\ms2dtsExporter\DTSMilkshapeShape.cpp">
      <Filter>Source Files</Filter>
    </ClCompile>
    <ClCompile Include="..\tools\ms2dtsExporter\DTSPlugin.cpp">
      <Filter>Source Files</Filter>
    </ClCompile>
  </ItemGroup>
  <ItemGroup>
    <ClInclude Include="..\tools\ms2dtsExporter\DTSMilkshapeMesh.h">
      <Filter>Source Files</Filter>
    </ClInclude>
    <ClInclude Include="..\tools\ms2dtsExporter\DTSMilkshapeShape.h">
      <Filter>Source Files</Filter>
    </ClInclude>
    <ClInclude Include="..\tools\ms2dtsExporter\msLIB\msLib.h">
      <Filter>Source Files\msLib</Filter>
    </ClInclude>
    <ClInclude Include="..\tools\ms2dtsExporter\msLIB\msPlugIn.h">
      <Filter>Source Files\msLib</Filter>
    </ClInclude>
  </ItemGroup>
  <ItemGroup>
    <None Include="..\tools\ms2dtsExporter\ms2dtsExporter.def">
      <Filter>Source Files</Filter>
    </None>
  </ItemGroup>
  <ItemGroup>
    <Library Include="..\tools\ms2dtsExporter\msLIB\msModelLib.lib">
      <Filter>Source Files\msLib</Filter>
    </Library>
  </ItemGroup>
  <ItemGroup>
    <ResourceCompile Include="..\tools\ms2dtsExporter\resource.rc">
      <Filter>Resource Files</Filter>
    </ResourceCompile>
  </ItemGroup>
</Project>