<?xml version="1.0" encoding="utf-8"?>
<Project ToolsVersion="4.0" xmlns="http://schemas.microsoft.com/developer/msbuild/2003">
  <ItemGroup>
    <Filter Include="Source Files">
      <UniqueIdentifier>{8b29ad54-0771-4342-b709-748782e6412e}</UniqueIdentifier>
      <Extensions>cpp;c;cxx;rc;def;r;odl;idl;hpj;bat</Extensions>
    </Filter>
    <Filter Include="Source Files\lightingSystem">
      <UniqueIdentifier>{08f38295-7871-40c6-9557-79ff94bcc58d}</UniqueIdentifier>
    </Filter>
    <Filter Include="Header Files">
      <UniqueIdentifier>{760ab86a-6fce-48ca-bda1-15df00fec512}</UniqueIdentifier>
      <Extensions>h;hpp;hxx;hm;inl</Extensions>
    </Filter>
    <Filter Include="Resource Files">
      <UniqueIdentifier>{6ed5bc10-f303-47a4-9ccb-56a89300fddd}</UniqueIdentifier>
      <Extensions>ico;cur;bmp;dlg;rc2;rct;bin;rgs;gif;jpg;jpeg;jpe</Extensions>
    </Filter>
  </ItemGroup>
  <ItemGroup>
    <ClCompile Include="..\lib\opengl2d3d\OpenGL2D3D.cc">
      <Filter>Source Files</Filter>
    </ClCompile>
    <ClCompile Include="..\engine\lightingSystem\sgD3DCompatibility.cc">
      <Filter>Source Files\lightingSystem</Filter>
    </ClCompile>
  </ItemGroup>
  <ItemGroup>
    <ClInclude Include="..\engine\lightingSystem\sgD3DCompatibility.h">
      <Filter>Source Files\lightingSystem</Filter>
    </ClInclude>
    <ClInclude Include="..\lib\opengl2d3d\gllist.h">
      <Filter>Header Files</Filter>
    </ClInclude>
    <ClInclude Include="..\lib\opengl2d3d\OpenGL2D3D.h">
      <Filter>Header Files</Filter>
    </ClInclude>
  </ItemGroup>
  <ItemGroup>
    <None Include="..\lib\opengl2d3d\opengl2d3d.def">
      <Filter>Resource Files</Filter>
    </None>
  </ItemGroup>
</Project>